
Microsoft Visual Studio Solution File, Format Version 12.00
# Visual Studio Version 17
VisualStudioVersion = 17.13.35806.99 d17.13
MinimumVisualStudioVersion = 10.0.40219.1
Project("{FAE04EC0-301F-11D3-BF4B-00C04F79EFBC}") = "SimpleCRUDWithAjax", "SimpleCRUDWithAjax.csproj", "{305BB399-9CDF-41F0-9090-5E04B8D59CDA}"
EndProject
Global
	GlobalSection(SolutionConfigurationPlatforms) = preSolution
		Debug|Any CPU = Debug|Any CPU
		Release|Any CPU = Release|Any CPU
	EndGlobalSection
	GlobalSection(ProjectConfigurationPlatforms) = postSolution
		{305BB399-9CDF-41F0-9090-5E04B8D59CDA}.Debug|Any CPU.ActiveCfg = Debug|Any CPU
		{305BB399-9CDF-41F0-9090-5E04B8D59CDA}.Debug|Any CPU.Build.0 = Debug|Any CPU
		{305BB399-9CDF-41F0-9090-5E04B8D59CDA}.Release|Any CPU.ActiveCfg = Release|Any CPU
		{305BB399-9CDF-41F0-9090-5E04B8D59CDA}.Release|Any CPU.Build.0 = Release|Any CPU
	EndGlobalSection
	GlobalSection(SolutionProperties) = preSolution
		HideSolutionNode = FALSE
	EndGlobalSection
	GlobalSection(ExtensibilityGlobals) = postSolution
		SolutionGuid = {45B76AED-A100-4D21-BDE8-A844AAD2952F}
	EndGlobalSection
EndGlobal
